<?xml version="1.0" encoding="utf-8"?>
<Project ToolsVersion="4.0" xmlns="http://schemas.microsoft.com/developer/msbuild/2003">
  <ItemGroup>
    <Filter Include="Source Files">
      <UniqueIdentifier>{df21ff13-1032-4008-87bd-e82c52a51fc2}</UniqueIdentifier>
      <Extensions>cpp;c;cxx;rc;def;r;odl;idl;hpj;bat</Extensions>
    </Filter>
    <Filter Include="Header Files">
      <UniqueIdentifier>{593db2f2-dcf6-4ecf-92f8-df8a997b960a}</UniqueIdentifier>
      <Extensions>h;hpp;hxx;hm;inl</Extensions>
    </Filter>
    <Filter Include="Resource Files">
      <UniqueIdentifier>{90d8172a-0c3f-4b67-8d90-4184a025fc93}</UniqueIdentifier>
      <Extensions>ico;cur;bmp;dlg;rc2;rct;bin;rgs;gif;jpg;jpeg;jpe</Extensions>
    </Filter>
  </ItemGroup>
  <ItemGroup>
    <ClCompile Include="AccuStudio.cpp">
      <Filter>Source Files</Filter>
    </ClCompile>
    <ClCompile Include="AccuStudioDoc.cpp">
      <Filter>Source Files</Filter>
    </ClCompile>
    <ClCompile Include="AccuStudioView.cpp">
      <Filter>Source Files</Filter>
    </ClCompile>
    <ClCompile Include="AddProjFiles.cpp">
      <Filter>Source Files</Filter>
    </ClCompile>
    <ClCompile Include="ChildFrm.cpp">
      <Filter>Source Files</Filter>
    </ClCompile>
    <ClCompile Include="CompilerModules.cpp">
      <Filter>Source Files</Filter>
    </ClCompile>
    <ClCompile Include="DlgNewProject.cpp">
      <Filter>Source Files</Filter>
    </ClCompile>
    <ClCompile Include="Find.cpp">
      <Filter>Source Files</Filter>
    </ClCompile>
    <ClCompile Include="GoTo.cpp">
      <Filter>Source Files</Filter>
    </ClCompile>
    <ClCompile Include="GrammarWizard.cpp">
      <Filter>Source Files</Filter>
    </ClCompile>
    <ClCompile Include="GramSetName.cpp">
      <Filter>Source Files</Filter>
    </ClCompile>
    <ClCompile Include="MainFrm.cpp">
      <Filter>Source Files</Filter>
    </ClCompile>
    <ClCompile Include="Nbest.cpp">
      <Filter>Source Files</Filter>
    </ClCompile>
    <ClCompile Include="Nuance.cpp">
      <Filter>Source Files</Filter>
    </ClCompile>
    <ClCompile Include="OutDoc.cpp">
      <Filter>Source Files</Filter>
    </ClCompile>
    <ClCompile Include="parse.cpp">
      <Filter>Source Files</Filter>
    </ClCompile>
    <ClCompile Include="Picture.cpp">
      <Filter>Source Files</Filter>
    </ClCompile>
    <ClCompile Include="ProjDoc.cpp">
      <Filter>Source Files</Filter>
    </ClCompile>
    <ClCompile Include="Project.cpp">
      <Filter>Source Files</Filter>
    </ClCompile>
    <ClCompile Include="Settings.cpp">
      <Filter>Source Files</Filter>
    </ClCompile>
    <ClCompile Include="SettingsDlg.cpp">
      <Filter>Source Files</Filter>
    </ClCompile>
    <ClCompile Include="StdAfx.cpp">
      <Filter>Source Files</Filter>
    </ClCompile>
    <ClCompile Include="VBNFComp.cpp">
      <Filter>Source Files</Filter>
    </ClCompile>
    <ClCompile Include="ViaVoice.cpp">
      <Filter>Source Files</Filter>
    </ClCompile>
    <ClCompile Include="xml.cpp">
      <Filter>Source Files</Filter>
    </ClCompile>
  </ItemGroup>
  <ItemGroup>
    <ClInclude Include="AccuStudio.h">
      <Filter>Header Files</Filter>
    </ClInclude>
    <ClInclude Include="AccuStudioDoc.h">
      <Filter>Header Files</Filter>
    </ClInclude>
    <ClInclude Include="AccuStudioView.h">
      <Filter>Header Files</Filter>
    </ClInclude>
    <ClInclude Include="AddProjFiles.h">
      <Filter>Header Files</Filter>
    </ClInclude>
    <ClInclude Include="ChildFrm.h">
      <Filter>Header Files</Filter>
    </ClInclude>
    <ClInclude Include="ComilerModules.h">
      <Filter>Header Files</Filter>
    </ClInclude>
    <ClInclude Include="common.h">
      <Filter>Header Files</Filter>
    </ClInclude>
    <ClInclude Include="compilermodules.h">
      <Filter>Header Files</Filter>
    </ClInclude>
    <ClInclude Include="DlgNewProject.h">
      <Filter>Header Files</Filter>
    </ClInclude>
    <ClInclude Include="Find.h">
      <Filter>Header Files</Filter>
    </ClInclude>
    <ClInclude Include="GoTo.h">
      <Filter>Header Files</Filter>
    </ClInclude>
    <ClInclude Include="GrammarWizard.h">
      <Filter>Header Files</Filter>
    </ClInclude>
    <ClInclude Include="GramSetName.h">
      <Filter>Header Files</Filter>
    </ClInclude>
    <ClInclude Include="MainFrm.h">
      <Filter>Header Files</Filter>
    </ClInclude>
    <ClInclude Include="Nbest.h">
      <Filter>Header Files</Filter>
    </ClInclude>
    <ClInclude Include="Nuance.h">
      <Filter>Header Files</Filter>
    </ClInclude>
    <ClInclude Include="OutDoc.h">
      <Filter>Header Files</Filter>
    </ClInclude>
    <ClInclude Include="parse.h">
      <Filter>Header Files</Filter>
    </ClInclude>
    <ClInclude Include="Picture.h">
      <Filter>Header Files</Filter>
    </ClInclude>
    <ClInclude Include="ProjDoc.h">
      <Filter>Header Files</Filter>
    </ClInclude>
    <ClInclude Include="Project.h">
      <Filter>Header Files</Filter>
    </ClInclude>
    <ClInclude Include="Resource.h">
      <Filter>Header Files</Filter>
    </ClInclude>
    <ClInclude Include="Settings.h">
      <Filter>Header Files</Filter>
    </ClInclude>
    <ClInclude Include="SettingsDlg.h">
      <Filter>Header Files</Filter>
    </ClInclude>
    <ClInclude Include="StdAfx.h">
      <Filter>Header Files</Filter>
    </ClInclude>
    <ClInclude Include="VBNFComp.h">
      <Filter>Header Files</Filter>
    </ClInclude>
    <ClInclude Include="VCTreeCtrl.h">
      <Filter>Header Files</Filter>
    </ClInclude>
    <ClInclude Include="AccuStudioExecutables\Windowdefs.h">
      <Filter>Header Files</Filter>
    </ClInclude>
    <ClInclude Include="xml.h">
      <Filter>Header Files</Filter>
    </ClInclude>
  </ItemGroup>
  <ItemGroup>
    <Image Include="res\AccuStudio.ico">
      <Filter>Resource Files</Filter>
    </Image>
    <Image Include="res\AccuStudioDoc.ico">
      <Filter>Resource Files</Filter>
    </Image>
    <Image Include="res\Toolbar.bmp">
      <Filter>Resource Files</Filter>
    </Image>
  </ItemGroup>
  <ItemGroup>
    <ResourceCompile Include="AccuStudio.rc">
      <Filter>Resource Files</Filter>
    </ResourceCompile>
  </ItemGroup>
  <ItemGroup>
    <None Include="res\AccuStudio.rc2">
      <Filter>Resource Files</Filter>
    </None>
  </ItemGroup>
</Project>