
Microsoft Visual Studio Solution File, Format Version 10.00
# Visual Studio 2008
Project("{8BC9CEB8-8B4A-11D0-8D11-00A0C91BC942}") = "AccuStudio", "AccuStudio.vcproj", "{73D6073F-24CB-4021-A6A2-D16A3EC00D88}"
EndProject
Global
	GlobalSection(SolutionConfigurationPlatforms) = preSolution
		Debug|Win32 = Debug|Win32
		Release|Win32 = Release|Win32
	EndGlobalSection
	GlobalSection(ProjectConfigurationPlatforms) = postSolution
		{73D6073F-24CB-4021-A6A2-D16A3EC00D88}.Debug|Win32.ActiveCfg = Debug|Win32
		{73D6073F-24CB-4021-A6A2-D16A3EC00D88}.Release|Win32.ActiveCfg = Release|Win32
		{73D6073F-24CB-4021-A6A2-D16A3EC00D88}.Release|Win32.Build.0 = Release|Win32
	EndGlobalSection
	GlobalSection(SolutionProperties) = preSolution
		HideSolutionNode = FALSE
	EndGlobalSection
	GlobalSection(SubversionScc) = preSolution
		Svn-Managed = True
		Manager = AnkhSVN - Subversion Support for Visual Studio
	EndGlobalSection
EndGlobal
